
Microsoft Visual Studio Solution File, Format Version 12.00
# Visual Studio Version 16
VisualStudioVersion = 16.0.29613.14
MinimumVisualStudioVersion = 10.0.40219.1
Project("{9A19103F-16F7-4668-BE54-9A1E7A4F7556}") = "Hotel.API", "Hotel.API\Hotel.API.csproj", "{1F260D6F-771B-4887-9F9C-FB340919D5B7}"
	ProjectSection(ProjectDependencies) = postProject
		{5EB3D638-96ED-4AA4-B43F-A35BEED63448} = {5EB3D638-96ED-4AA4-B43F-A35BEED63448}
		{45A741B4-6F4B-4494-B357-D202F24E609F} = {45A741B4-6F4B-4494-B357-D202F24E609F}
	EndProjectSection
EndProject
Project("{9A19103F-16F7-4668-BE54-9A1E7A4F7556}") = "Hotel.Data", "Hotel.Data\Hotel.Data.csproj", "{45A741B4-6F4B-4494-B357-D202F24E609F}"
EndProject
Project("{9A19103F-16F7-4668-BE54-9A1E7A4F7556}") = "Hotel.Models", "Hotel.Models\Hotel.Models.csproj", "{5EB3D638-96ED-4AA4-B43F-A35BEED63448}"
EndProject
Global
	GlobalSection(SolutionConfigurationPlatforms) = preSolution
		Debug|Any CPU = Debug|Any CPU
		Release|Any CPU = Release|Any CPU
	EndGlobalSection
	GlobalSection(ProjectConfigurationPlatforms) = postSolution
		{1F260D6F-771B-4887-9F9C-FB340919D5B7}.Debug|Any CPU.ActiveCfg = Debug|Any CPU
		{1F260D6F-771B-4887-9F9C-FB340919D5B7}.Debug|Any CPU.Build.0 = Debug|Any CPU
		{1F260D6F-771B-4887-9F9C-FB340919D5B7}.Release|Any CPU.ActiveCfg = Release|Any CPU
		{1F260D6F-771B-4887-9F9C-FB340919D5B7}.Release|Any CPU.Build.0 = Release|Any CPU
		{45A741B4-6F4B-4494-B357-D202F24E609F}.Debug|Any CPU.ActiveCfg = Debug|Any CPU
		{45A741B4-6F4B-4494-B357-D202F24E609F}.Debug|Any CPU.Build.0 = Debug|Any CPU
		{45A741B4-6F4B-4494-B357-D202F24E609F}.Release|Any CPU.ActiveCfg = Release|Any CPU
		{45A741B4-6F4B-4494-B357-D202F24E609F}.Release|Any CPU.Build.0 = Release|Any CPU
		{5EB3D638-96ED-4AA4-B43F-A35BEED63448}.Debug|Any CPU.ActiveCfg = Debug|Any CPU
		{5EB3D638-96ED-4AA4-B43F-A35BEED63448}.Debug|Any CPU.Build.0 = Debug|Any CPU
		{5EB3D638-96ED-4AA4-B43F-A35BEED63448}.Release|Any CPU.ActiveCfg = Release|Any CPU
		{5EB3D638-96ED-4AA4-B43F-A35BEED63448}.Release|Any CPU.Build.0 = Release|Any CPU
	EndGlobalSection
	GlobalSection(SolutionProperties) = preSolution
		HideSolutionNode = FALSE
	EndGlobalSection
	GlobalSection(ExtensibilityGlobals) = postSolution
		SolutionGuid = {5D0FD10D-12BC-4D4F-B9EF-64CEC6B107A3}
	EndGlobalSection
EndGlobal
